#MicroXplorer Configuration settings - do not modify
FSMC.AddressHoldTime1=0x01
FSMC.AddressSetupTime1=0x03
FSMC.BusTurnAroundDuration1=0x00
FSMC.DataSetupTime1=0x08
FSMC.IPParameters=AddressSetupTime1,AddressHoldTime1,DataSetupTime1,BusTurnAroundDuration1,WriteOperation1
FSMC.WriteOperation1=FSMC_WRITE_OPERATION_ENABLE
File.Version=6
GPIO.groupedBy=Group By Peripherals
KeepUserPlacement=false
Mcu.CPN=STM32F103VCT6
Mcu.Family=STM32F1
Mcu.IP0=FSMC
Mcu.IP1=NVIC
Mcu.IP2=RCC
Mcu.IP3=USART1
Mcu.IPNb=4
Mcu.Name=STM32F103V(C-D-E)Tx
Mcu.Package=LQFP100
Mcu.Pin0=PC13-TAMPER-RTC
Mcu.Pin1=OSC_IN
Mcu.Pin10=PD14
Mcu.Pin11=PD15
Mcu.Pin12=PA9
Mcu.Pin13=PA10
Mcu.Pin14=PD0
Mcu.Pin15=PD1
Mcu.Pin16=PD4
Mcu.Pin17=PD5
Mcu.Pin18=PD7
Mcu.Pin19=PB7
Mcu.Pin2=OSC_OUT
Mcu.Pin3=PE7
Mcu.Pin4=PE8
Mcu.Pin5=PE9
Mcu.Pin6=PE10
Mcu.Pin7=PE11
Mcu.Pin8=PE12
Mcu.Pin9=PD8
Mcu.PinsNb=20
Mcu.ThirdPartyNb=0
Mcu.UserConstants=
Mcu.UserName=STM32F103VCTx
MxCube.Version=6.6.1
MxDb.Version=DB.6.0.60
NVIC.BusFault_IRQn=true\:0\:0\:false\:false\:true\:false\:false\:false
NVIC.DebugMonitor_IRQn=true\:0\:0\:false\:false\:true\:false\:false\:false
NVIC.ForceEnableDMAVector=false
NVIC.HardFault_IRQn=true\:0\:0\:false\:false\:true\:false\:false\:false
NVIC.MemoryManagement_IRQn=true\:0\:0\:false\:false\:true\:false\:false\:false
NVIC.NonMaskableInt_IRQn=true\:0\:0\:false\:false\:true\:false\:false\:false
NVIC.PendSV_IRQn=true\:0\:0\:false\:false\:true\:false\:false\:false
NVIC.PriorityGroup=NVIC_PRIORITYGROUP_4
NVIC.SVCall_IRQn=true\:0\:0\:false\:false\:true\:false\:false\:false
NVIC.SysTick_IRQn=true\:15\:0\:false\:false\:true\:false\:true\:false
NVIC.USART1_IRQn=true\:1\:0\:true\:false\:true\:true\:true\:true
NVIC.UsageFault_IRQn=true\:0\:0\:false\:false\:true\:false\:false\:false
OSC_IN.Mode=HSE-External-Oscillator
OSC_IN.Signal=RCC_OSC_IN
OSC_OUT.Mode=HSE-External-Oscillator
OSC_OUT.Signal=RCC_OSC_OUT
PA10.Mode=Asynchronous
PA10.Signal=USART1_RX
PA9.Mode=Asynchronous
PA9.Signal=USART1_TX
PB7.Locked=true
PB7.Signal=FSMC_NL
PC13-TAMPER-RTC.Locked=true
PC13-TAMPER-RTC.Signal=RTC_OUT
PD0.Locked=true
PD0.Mode=10b-da1
PD0.Signal=FSMC_DA2
PD1.Locked=true
PD1.Mode=10b-da1
PD1.Signal=FSMC_DA3
PD14.Locked=true
PD14.Mode=10b-da1
PD14.Signal=FSMC_DA0
PD15.Locked=true
PD15.Mode=10b-da1
PD15.Signal=FSMC_DA1
PD4.Locked=true
PD4.Mode=MuxedPsram1
PD4.Signal=FSMC_NOE
PD5.Locked=true
PD5.Mode=MuxedPsram1
PD5.Signal=FSMC_NWE
PD7.Locked=true
PD7.Mode=NorPsramChipSelect1_1
PD7.Signal=FSMC_NE1
PD8.Locked=true
PD8.Signal=GPIO_Output
PE10.Locked=true
PE10.Mode=10b-da1
PE10.Signal=FSMC_DA7
PE11.Mode=10b-da1
PE11.Signal=FSMC_DA8
PE12.Mode=10b-da1
PE12.Signal=FSMC_DA9
PE7.Locked=true
PE7.Mode=10b-da1
PE7.Signal=FSMC_DA4
PE8.Locked=true
PE8.Mode=10b-da1
PE8.Signal=FSMC_DA5
PE9.Locked=true
PE9.Mode=10b-da1
PE9.Signal=FSMC_DA6
PinOutPanel.RotationAngle=0
ProjectManager.AskForMigrate=true
ProjectManager.BackupPrevious=false
ProjectManager.CompilerOptimize=6
ProjectManager.ComputerToolchain=false
ProjectManager.CoupleFile=false
ProjectManager.CustomerFirmwarePackage=
ProjectManager.DefaultFWLocation=true
ProjectManager.DeletePrevious=true
ProjectManager.DeviceId=STM32F103VCTx
ProjectManager.FirmwarePackage=STM32Cube FW_F1 V1.8.4
ProjectManager.FreePins=false
ProjectManager.HalAssertFull=false
ProjectManager.HeapSize=0x200
ProjectManager.KeepUserCode=true
ProjectManager.LastFirmware=true
ProjectManager.LibraryCopy=1
ProjectManager.MainLocation=Core/Src
ProjectManager.NoMain=false
ProjectManager.PreviousToolchain=STM32CubeIDE
ProjectManager.ProjectBuild=false
ProjectManager.ProjectFileName=W5100_EVB_STM.ioc
ProjectManager.ProjectName=W5100_EVB_STM
ProjectManager.RegisterCallBack=
ProjectManager.StackSize=0x400
ProjectManager.TargetToolchain=STM32CubeIDE
ProjectManager.ToolChainLocation=
ProjectManager.UnderRoot=true
ProjectManager.functionlistsort=1-SystemClock_Config-RCC-false-HAL-false,2-MX_GPIO_Init-GPIO-false-HAL-true,3-MX_USART1_UART_Init-USART1-false-HAL-true,4-MX_FSMC_Init-FSMC-false-HAL-true
RCC.ADCFreqValue=12000000
RCC.AHBFreq_Value=24000000
RCC.APB1Freq_Value=24000000
RCC.APB1TimFreq_Value=24000000
RCC.APB2Freq_Value=24000000
RCC.APB2TimFreq_Value=24000000
RCC.FCLKCortexFreq_Value=24000000
RCC.FSMCFreq_Value=24000000
RCC.FamilyName=M
RCC.HCLKFreq_Value=24000000
RCC.HSE_VALUE=12000000
RCC.HSIKERON=false
RCC.I2S2Freq_Value=24000000
RCC.I2S3Freq_Value=24000000
RCC.IPParameters=ADCFreqValue,AHBFreq_Value,APB1Freq_Value,APB1TimFreq_Value,APB2Freq_Value,APB2TimFreq_Value,FCLKCortexFreq_Value,FSMCFreq_Value,FamilyName,HCLKFreq_Value,HSE_VALUE,HSIKERON,I2S2Freq_Value,I2S3Freq_Value,MCOFreq_Value,MSIAutoCalibration,MSICalibrationValue,MSIKERON,MSIPLLFAST,PLL1MBOOST,PLL1_VCI_Range,PLL2_VCI_Range,PLL3_VCI_Range,PLLCLKFreq_Value,PLLMCOFreq_Value,PLLSourceVirtual,PWR_Regulator_Voltage_Scale,SDIOFreq_Value,SDIOHCLKDiv2FreqValue,SYSCLKFreq_VALUE,SYSCLKSource,TimSysFreq_Value,USBFreq_Value,VCOOutput2Freq_Value
RCC.MCOFreq_Value=24000000
RCC.MSIAutoCalibration=DISABLED
RCC.MSICalibrationValue=16
RCC.MSIKERON=false
RCC.MSIPLLFAST=false
RCC.PLL1MBOOST=RCC_PLLMBOOST_DIV1
RCC.PLL1_VCI_Range=RCC_PLLVCIRANGE_0
RCC.PLL2_VCI_Range=RCC_PLLVCIRANGE_1
RCC.PLL3_VCI_Range=RCC_PLLVCIRANGE_1
RCC.PLLCLKFreq_Value=24000000
RCC.PLLMCOFreq_Value=12000000
RCC.PLLSourceVirtual=RCC_PLLSOURCE_HSE
RCC.PWR_Regulator_Voltage_Scale=PWR_REGULATOR_VOLTAGE_SCALE1
RCC.SDIOFreq_Value=24000000
RCC.SDIOHCLKDiv2FreqValue=12000000
RCC.SYSCLKFreq_VALUE=24000000
RCC.SYSCLKSource=RCC_SYSCLKSOURCE_PLLCLK
RCC.TimSysFreq_Value=24000000
RCC.USBFreq_Value=24000000
RCC.VCOOutput2Freq_Value=12000000
SH.FSMC_NL.0=FSMC_NL,AddressValid1
SH.FSMC_NL.ConfNb=1
USART1.IPParameters=VirtualMode
USART1.VirtualMode=VM_ASYNC
board=custom
isbadioc=false
